
Microsoft Visual Studio Solution File, Format Version 12.00
# Visual Studio 14
VisualStudioVersion = 14.0.25420.1
MinimumVisualStudioVersion = 10.0.40219.1
Project("{FAE04EC0-301F-11D3-BF4B-00C04F79EFBC}") = "MorseServer", "MorseServer\MorseServer.csproj", "{A2D59ECE-89BF-4564-AB60-90302800B146}"
EndProject
Project("{FAE04EC0-301F-11D3-BF4B-00C04F79EFBC}") = "MorseClient", "MorseClient\MorseClient.csproj", "{31DFDD8C-5DA0-48F8-9B76-9FC6DA2836DE}"
EndProject
Global
	GlobalSection(SolutionConfigurationPlatforms) = preSolution
		Debug|Any CPU = Debug|Any CPU
		Debug|ARM = Debug|ARM
		Debug|x64 = Debug|x64
		Debug|x86 = Debug|x86
		Release|Any CPU = Release|Any CPU
		Release|ARM = Release|ARM
		Release|x64 = Release|x64
		Release|x86 = Release|x86
	EndGlobalSection
	GlobalSection(ProjectConfigurationPlatforms) = postSolution
		{A2D59ECE-89BF-4564-AB60-90302800B146}.Debug|Any CPU.ActiveCfg = Debug|x86
		{A2D59ECE-89BF-4564-AB60-90302800B146}.Debug|ARM.ActiveCfg = Debug|ARM
		{A2D59ECE-89BF-4564-AB60-90302800B146}.Debug|ARM.Build.0 = Debug|ARM
		{A2D59ECE-89BF-4564-AB60-90302800B146}.Debug|ARM.Deploy.0 = Debug|ARM
		{A2D59ECE-89BF-4564-AB60-90302800B146}.Debug|x64.ActiveCfg = Debug|x64
		{A2D59ECE-89BF-4564-AB60-90302800B146}.Debug|x64.Build.0 = Debug|x64
		{A2D59ECE-89BF-4564-AB60-90302800B146}.Debug|x64.Deploy.0 = Debug|x64
		{A2D59ECE-89BF-4564-AB60-90302800B146}.Debug|x86.ActiveCfg = Debug|x86
		{A2D59ECE-89BF-4564-AB60-90302800B146}.Debug|x86.Build.0 = Debug|x86
		{A2D59ECE-89BF-4564-AB60-90302800B146}.Debug|x86.Deploy.0 = Debug|x86
		{A2D59ECE-89BF-4564-AB60-90302800B146}.Release|Any CPU.ActiveCfg = Release|x86
		{A2D59ECE-89BF-4564-AB60-90302800B146}.Release|ARM.ActiveCfg = Release|ARM
		{A2D59ECE-89BF-4564-AB60-90302800B146}.Release|ARM.Build.0 = Release|ARM
		{A2D59ECE-89BF-4564-AB60-90302800B146}.Release|ARM.Deploy.0 = Release|ARM
		{A2D59ECE-89BF-4564-AB60-90302800B146}.Release|x64.ActiveCfg = Release|x64
		{A2D59ECE-89BF-4564-AB60-90302800B146}.Release|x64.Build.0 = Release|x64
		{A2D59ECE-89BF-4564-AB60-90302800B146}.Release|x64.Deploy.0 = Release|x64
		{A2D59ECE-89BF-4564-AB60-90302800B146}.Release|x86.ActiveCfg = Release|x86
		{A2D59ECE-89BF-4564-AB60-90302800B146}.Release|x86.Build.0 = Release|x86
		{A2D59ECE-89BF-4564-AB60-90302800B146}.Release|x86.Deploy.0 = Release|x86
		{31DFDD8C-5DA0-48F8-9B76-9FC6DA2836DE}.Debug|Any CPU.ActiveCfg = Debug|x86
		{31DFDD8C-5DA0-48F8-9B76-9FC6DA2836DE}.Debug|ARM.ActiveCfg = Debug|ARM
		{31DFDD8C-5DA0-48F8-9B76-9FC6DA2836DE}.Debug|ARM.Build.0 = Debug|ARM
		{31DFDD8C-5DA0-48F8-9B76-9FC6DA2836DE}.Debug|ARM.Deploy.0 = Debug|ARM
		{31DFDD8C-5DA0-48F8-9B76-9FC6DA2836DE}.Debug|x64.ActiveCfg = Debug|x64
		{31DFDD8C-5DA0-48F8-9B76-9FC6DA2836DE}.Debug|x64.Build.0 = Debug|x64
		{31DFDD8C-5DA0-48F8-9B76-9FC6DA2836DE}.Debug|x64.Deploy.0 = Debug|x64
		{31DFDD8C-5DA0-48F8-9B76-9FC6DA2836DE}.Debug|x86.ActiveCfg = Debug|x86
		{31DFDD8C-5DA0-48F8-9B76-9FC6DA2836DE}.Debug|x86.Build.0 = Debug|x86
		{31DFDD8C-5DA0-48F8-9B76-9FC6DA2836DE}.Debug|x86.Deploy.0 = Debug|x86
		{31DFDD8C-5DA0-48F8-9B76-9FC6DA2836DE}.Release|Any CPU.ActiveCfg = Release|x86
		{31DFDD8C-5DA0-48F8-9B76-9FC6DA2836DE}.Release|ARM.ActiveCfg = Release|ARM
		{31DFDD8C-5DA0-48F8-9B76-9FC6DA2836DE}.Release|ARM.Build.0 = Release|ARM
		{31DFDD8C-5DA0-48F8-9B76-9FC6DA2836DE}.Release|ARM.Deploy.0 = Release|ARM
		{31DFDD8C-5DA0-48F8-9B76-9FC6DA2836DE}.Release|x64.ActiveCfg = Release|x64
		{31DFDD8C-5DA0-48F8-9B76-9FC6DA2836DE}.Release|x64.Build.0 = Release|x64
		{31DFDD8C-5DA0-48F8-9B76-9FC6DA2836DE}.Release|x64.Deploy.0 = Release|x64
		{31DFDD8C-5DA0-48F8-9B76-9FC6DA2836DE}.Release|x86.ActiveCfg = Release|x86
		{31DFDD8C-5DA0-48F8-9B76-9FC6DA2836DE}.Release|x86.Build.0 = Release|x86
		{31DFDD8C-5DA0-48F8-9B76-9FC6DA2836DE}.Release|x86.Deploy.0 = Release|x86
	EndGlobalSection
	GlobalSection(SolutionProperties) = preSolution
		HideSolutionNode = FALSE
	EndGlobalSection
EndGlobal
